<?xml version="1.0" encoding="utf-8"?>
<Project ToolsVersion="4.0" xmlns="http://schemas.microsoft.com/developer/msbuild/2003">
  <ItemGroup>
    <Filter Include="Source Files">
      <UniqueIdentifier>{4FC737F1-C7A5-4376-A066-2A32D752A2FF}</UniqueIdentifier>
      <Extensions>cpp;c;cc;cxx;def;odl;idl;hpj;bat;asm;asmx</Extensions>
    </Filter>
    <Filter Include="Header Files">
      <UniqueIdentifier>{93995380-89BD-4b04-88EB-625FBE52EBFB}</UniqueIdentifier>
      <Extensions>h;hpp;hxx;hm;inl;inc;xsd</Extensions>
    </Filter>
    <Filter Include="Resource Files">
      <UniqueIdentifier>{67DA6AB6-F800-4c08-8B7A-83BB121AAD01}</UniqueIdentifier>
      <Extensions>rc;ico;cur;bmp;dlg;rc2;rct;bin;rgs;gif;jpg;jpeg;jpe;resx;tiff;tif;png;wav;mfcribbon-ms</Extensions>
    </Filter>
    <Filter Include="Header Files\Input">
      <UniqueIdentifier>{ace04e78-e5c4-4ca6-84f6-b4c6ce9385c1}</UniqueIdentifier>
    </Filter>
    <Filter Include="Source Files\Input">
      <UniqueIdentifier>{95d59f85-d085-4b9d-a691-bc5fe564d8f9}</UniqueIdentifier>
    </Filter>
    <Filter Include="Header Files\xml">
      <UniqueIdentifier>{cb2feeea-7e80-4888-b11a-06beac97630c}</UniqueIdentifier>
    </Filter>
    <Filter Include="Source Files\xml">
      <UniqueIdentifier>{f3f1608f-a00d-4722-b5f4-4d56f32baab0}</UniqueIdentifier>
    </Filter>
    <Filter Include="Header Files\Information">
      <UniqueIdentifier>{64e10797-d96a-47fb-9465-5d275e740ab8}</UniqueIdentifier>
    </Filter>
    <Filter Include="Source Files\Information">
      <UniqueIdentifier>{dec2ca0d-b0de-4959-9b0e-bb9a2c34b7fb}</UniqueIdentifier>
    </Filter>
    <Filter Include="Source Files\GameObjects">
      <UniqueIdentifier>{45c24081-3c26-43e9-99fc-42bfc0b9ad2b}</UniqueIdentifier>
    </Filter>
    <Filter Include="Header Files\GameObjects">
      <UniqueIdentifier>{771e1732-e5b9-42d9-9eb1-589f0c3eff07}</UniqueIdentifier>
    </Filter>
    <Filter Include="Header Files\Test">
      <UniqueIdentifier>{eba73331-b539-44ff-8d53-469501e3126c}</UniqueIdentifier>
    </Filter>
    <Filter Include="Source Files\Test">
      <UniqueIdentifier>{c4543f2f-0e41-438a-ba27-54916365566e}</UniqueIdentifier>
    </Filter>
    <Filter Include="Resource Files\TileOverlays">
      <UniqueIdentifier>{43b5c89b-f1ca-46f2-9b04-3c6c3bbf6703}</UniqueIdentifier>
    </Filter>
    <Filter Include="Header Files\Overclasses">
      <UniqueIdentifier>{5c8c97f2-665c-4cd2-94ad-de7fd827d589}</UniqueIdentifier>
    </Filter>
    <Filter Include="Source Files\Overclasses">
      <UniqueIdentifier>{2909fb15-5664-4269-b90e-6a539941f393}</UniqueIdentifier>
    </Filter>
    <Filter Include="Header Files\Graphics">
      <UniqueIdentifier>{b1359286-371b-43c6-b5d2-0d6eb749ebba}</UniqueIdentifier>
    </Filter>
    <Filter Include="Source Files\Graphics">
      <UniqueIdentifier>{edbb7e53-044c-4009-9697-21509afaa533}</UniqueIdentifier>
    </Filter>
    <Filter Include="TextFiles">
      <UniqueIdentifier>{a0ff76f4-2822-4dc7-8b68-319abf152b3c}</UniqueIdentifier>
    </Filter>
    <Filter Include="Header Files\Sound">
      <UniqueIdentifier>{ee23a8d1-5945-49d4-bccc-6013360ea211}</UniqueIdentifier>
    </Filter>
    <Filter Include="Source Files\Sound">
      <UniqueIdentifier>{43f829e8-8fbd-4a3f-807f-82e61383e879}</UniqueIdentifier>
    </Filter>
    <Filter Include="Header Files\Input\Menu">
      <UniqueIdentifier>{0a4e0e34-3fc2-4fe6-a235-0c943dbb787c}</UniqueIdentifier>
    </Filter>
    <Filter Include="Source Files\Input\Menu">
      <UniqueIdentifier>{1504d637-2fb4-4b9a-af2d-949a8e96ca15}</UniqueIdentifier>
    </Filter>
    <Filter Include="Resource Files\Maps">
      <UniqueIdentifier>{adb14316-8d32-42a7-ae6e-815fc4edf11d}</UniqueIdentifier>
    </Filter>
    <Filter Include="Resource Files\graphics">
      <UniqueIdentifier>{7bba59ae-31e0-4734-8478-97f1016e0258}</UniqueIdentifier>
    </Filter>
    <Filter Include="Source Files\Input\Cursor">
      <UniqueIdentifier>{c6109fe2-bfa2-44e6-8eb6-f150218a6c0e}</UniqueIdentifier>
    </Filter>
    <Filter Include="Header Files\Input\Cursor">
      <UniqueIdentifier>{3323c457-72b3-4c39-8c7b-034f8d328cd4}</UniqueIdentifier>
    </Filter>
    <Filter Include="Header Files\Input\AnimationStops">
      <UniqueIdentifier>{371a68cc-bda5-4aa0-bd75-a2c167d60090}</UniqueIdentifier>
    </Filter>
    <Filter Include="Source Files\Input\AnimationStops">
      <UniqueIdentifier>{d5838769-bfff-475a-a76e-6ca96682aa73}</UniqueIdentifier>
    </Filter>
    <Filter Include="Header Files\Input\Interfaces">
      <UniqueIdentifier>{3d937bb3-ca35-4ae0-94a4-42f077a39e13}</UniqueIdentifier>
    </Filter>
    <Filter Include="Source Files\Input\Menu\MainMenu">
      <UniqueIdentifier>{ce0b05a7-9634-4eda-924b-9be6064eded4}</UniqueIdentifier>
    </Filter>
    <Filter Include="Header Files\Input\Menu\MainMenu">
      <UniqueIdentifier>{7d6aeff8-3482-4f01-a676-487f6356e928}</UniqueIdentifier>
    </Filter>
  </ItemGroup>
  <ItemGroup>
    <None Include="basicEffect.fx">
      <Filter>Resource Files</Filter>
    </None>
    <None Include="sprites.xml">
      <Filter>Resource Files</Filter>
    </None>
    <None Include="..\..\cglory\cglory\tiles.xml">
      <Filter>Resource Files</Filter>
    </None>
    <None Include="..\..\cglory\cglory\info.xml">
      <Filter>Resource Files</Filter>
    </None>
    <None Include="..\..\cglory\cglory\fog.png">
      <Filter>Resource Files\TileOverlays</Filter>
    </None>
    <None Include="..\..\cglory\cglory\range.png">
      <Filter>Resource Files\TileOverlays</Filter>
    </None>
    <None Include="..\..\cglory\cglory\selected.png">
      <Filter>Resource Files\TileOverlays</Filter>
    </None>
    <None Include="..\..\cglory\cglory\available.png">
      <Filter>Resource Files\TileOverlays</Filter>
    </None>
    <None Include="ReadMe.txt">
      <Filter>TextFiles</Filter>
    </None>
    <None Include="answer.txt">
      <Filter>TextFiles</Filter>
    </None>
    <None Include="Controls.txt">
      <Filter>TextFiles</Filter>
    </None>
    <None Include="..\..\cglory\cglory\DepthStandards.txt">
      <Filter>TextFiles</Filter>
    </None>
    <None Include="HowToEditConflicts.txt">
      <Filter>TextFiles</Filter>
    </None>
    <None Include="..\..\cglory\cglory\electronic_stapler.wav">
      <Filter>Resource Files</Filter>
    </None>
    <None Include="..\..\cglory\cglory\SettingUpTODOTasks.txt">
      <Filter>TextFiles</Filter>
    </None>
    <None Include="..\..\cglory\cglory\map.xml">
      <Filter>Resource Files\Maps</Filter>
    </None>
    <None Include="BaseCode.ico">
      <Filter>Resource Files\graphics</Filter>
    </None>
    <None Include="bgSheet.gif">
      <Filter>Resource Files\graphics</Filter>
    </None>
    <None Include="..\..\cglory\cglory\bgSheet2.gif">
      <Filter>Resource Files\graphics</Filter>
    </None>
    <None Include="bgTile.bmp">
      <Filter>Resource Files\graphics</Filter>
    </None>
    <None Include="..\..\cglory\cglory\BigShockTrooper.png">
      <Filter>Resource Files\graphics</Filter>
    </None>
    <None Include="bitmap1.bmp">
      <Filter>Resource Files\graphics</Filter>
    </None>
    <None Include="bitmap2.bmp">
      <Filter>Resource Files\graphics</Filter>
    </None>
    <None Include="consolebg.png">
      <Filter>Resource Files\graphics</Filter>
    </None>
    <None Include="cursor.cur">
      <Filter>Resource Files\graphics</Filter>
    </None>
    <None Include="..\..\cglory\cglory\cursorAnimation.png">
      <Filter>Resource Files\graphics</Filter>
    </None>
    <None Include="..\..\cglory\cglory\menuCursor.png">
      <Filter>Resource Files\graphics</Filter>
    </None>
    <None Include="small.ico">
      <Filter>Resource Files\graphics</Filter>
    </None>
    <None Include="..\..\cglory\cglory\testbuilding.png">
      <Filter>Resource Files\graphics</Filter>
    </None>
    <None Include="tank.bmp">
      <Filter>Resource Files\graphics</Filter>
    </None>
    <None Include="blood.xml">
      <Filter>Resource Files\Maps</Filter>
    </None>
    <None Include="..\..\cglory\cglory\invalid.xml">
      <Filter>Resource Files\Maps</Filter>
    </None>
    <None Include="..\..\cglory\cglory\blackpixel.bmp">
      <Filter>Resource Files\graphics</Filter>
    </None>
    <None Include="..\..\cglory\cglory\path.png">
      <Filter>Resource Files\graphics</Filter>
    </None>
    <None Include="..\..\cglory\cglory\ambush.png">
      <Filter>Resource Files\graphics</Filter>
    </None>
    <None Include="..\..\cglory\cglory\peaisland.xml">
      <Filter>Resource Files\Maps</Filter>
    </None>
    <None Include="..\..\cglory\cglory\factory.png">
      <Filter>Resource Files\graphics</Filter>
    </None>
    <None Include="..\..\cglory\cglory\headquarters.png">
      <Filter>Resource Files\graphics</Filter>
    </None>
    <None Include="..\..\cglory\cglory\water.png">
      <Filter>Resource Files\graphics</Filter>
    </None>
    <None Include="..\..\cglory\cglory\artillery.png">
      <Filter>Resource Files\graphics</Filter>
    </None>
    <None Include="..\..\cglory\cglory\glorytab.png">
      <Filter>Resource Files\graphics</Filter>
    </None>
    <None Include="..\..\cglory\cglory\infotab.png">
      <Filter>Resource Files\graphics</Filter>
    </None>
    <None Include="..\..\cglory\cglory\maplist.xml">
      <Filter>Resource Files</Filter>
    </None>
    <None Include="..\..\cglory\cglory\tinyisland.xml">
      <Filter>Resource Files\Maps</Filter>
    </None>
    <None Include="..\..\cglory\cglory\loopy.xml">
      <Filter>Resource Files\Maps</Filter>
    </None>
  </ItemGroup>
  <ItemGroup>
    <ClInclude Include="stdafx.h">
      <Filter>Header Files</Filter>
    </ClInclude>
    <ClInclude Include="targetver.h">
      <Filter>Header Files</Filter>
    </ClInclude>
    <ClInclude Include="Resource.h">
      <Filter>Header Files</Filter>
    </ClInclude>
    <ClInclude Include="..\..\cglory\cglory\KeyState.h">
      <Filter>Header Files\Input</Filter>
    </ClInclude>
    <ClInclude Include="..\..\cglory\cglory\InputManager.h">
      <Filter>Header Files\Input</Filter>
    </ClInclude>
    <ClInclude Include="WindowsInputMapping.h">
      <Filter>Header Files\Input</Filter>
    </ClInclude>
    <ClInclude Include="XMLLoader.h">
      <Filter>Header Files\xml</Filter>
    </ClInclude>
    <ClInclude Include="tinyxml.h">
      <Filter>Header Files\xml</Filter>
    </ClInclude>
    <ClInclude Include="tinystr.h">
      <Filter>Header Files\xml</Filter>
    </ClInclude>
    <ClInclude Include="..\..\cglory\cglory\InformationStorage.h">
      <Filter>Header Files\Information</Filter>
    </ClInclude>
    <ClInclude Include="..\..\cglory\cglory\TerrainInfo.h">
      <Filter>Header Files\Information</Filter>
    </ClInclude>
    <ClInclude Include="..\..\cglory\cglory\BuildingInfo.h">
      <Filter>Header Files\Information</Filter>
    </ClInclude>
    <ClInclude Include="UnitInfo.h">
      <Filter>Header Files\Information</Filter>
    </ClInclude>
    <ClInclude Include="..\..\cglory\cglory\Building.h">
      <Filter>Header Files\GameObjects</Filter>
    </ClInclude>
    <ClInclude Include="..\..\cglory\cglory\Cell.h">
      <Filter>Header Files\GameObjects</Filter>
    </ClInclude>
    <ClInclude Include="..\..\cglory\cglory\PlayManager.h">
      <Filter>Header Files\GameObjects</Filter>
    </ClInclude>
    <ClInclude Include="..\..\cglory\cglory\Map.h">
      <Filter>Header Files\GameObjects</Filter>
    </ClInclude>
    <ClInclude Include="..\..\cglory\cglory\Terrain.h">
      <Filter>Header Files\GameObjects</Filter>
    </ClInclude>
    <ClInclude Include="..\..\cglory\cglory\Player.h">
      <Filter>Header Files\GameObjects</Filter>
    </ClInclude>
    <ClInclude Include="..\..\cglory\cglory\JasonTest.h">
      <Filter>Header Files\Test</Filter>
    </ClInclude>
    <ClInclude Include="..\..\cglory\cglory\CellPathNode.h">
      <Filter>Header Files\GameObjects</Filter>
    </ClInclude>
    <ClInclude Include="..\..\cglory\cglory\TraversalCostHelper.h">
      <Filter>Header Files\GameObjects</Filter>
    </ClInclude>
    <ClInclude Include="Utility.h">
      <Filter>Header Files\Overclasses</Filter>
    </ClInclude>
    <ClInclude Include="DeveloperConsole.h">
      <Filter>Header Files\Overclasses</Filter>
    </ClInclude>
    <ClInclude Include="Stats.h">
      <Filter>Header Files\Overclasses</Filter>
    </ClInclude>
    <ClInclude Include="dxManager.h">
      <Filter>Header Files\Overclasses</Filter>
    </ClInclude>
    <ClInclude Include="BaseCode.h">
      <Filter>Header Files\Overclasses</Filter>
    </ClInclude>
    <ClInclude Include="GameSprite.h">
      <Filter>Header Files\Graphics</Filter>
    </ClInclude>
    <ClInclude Include="SpriteInfo.h">
      <Filter>Header Files\Graphics</Filter>
    </ClInclude>
    <ClInclude Include="..\..\cglory\cglory\Unit.h">
      <Filter>Header Files\GameObjects</Filter>
    </ClInclude>
    <ClInclude Include="..\..\cglory\cglory\GameObject.h">
      <Filter>Header Files\GameObjects</Filter>
    </ClInclude>
    <ClInclude Include="..\..\cglory\cglory\PlayerOwned.h">
      <Filter>Header Files\GameObjects</Filter>
    </ClInclude>
    <ClInclude Include="..\..\cglory\cglory\fmod.h">
      <Filter>Header Files\Sound</Filter>
    </ClInclude>
    <ClInclude Include="..\..\cglory\cglory\fmod.hpp">
      <Filter>Header Files\Sound</Filter>
    </ClInclude>
    <ClInclude Include="..\..\cglory\cglory\fmod_codec.h">
      <Filter>Header Files\Sound</Filter>
    </ClInclude>
    <ClInclude Include="..\..\cglory\cglory\fmod_dsp.h">
      <Filter>Header Files\Sound</Filter>
    </ClInclude>
    <ClInclude Include="..\..\cglory\cglory\fmod_errors.h">
      <Filter>Header Files\Sound</Filter>
    </ClInclude>
    <ClInclude Include="..\..\cglory\cglory\fmod_memoryinfo.h">
      <Filter>Header Files\Sound</Filter>
    </ClInclude>
    <ClInclude Include="..\..\cglory\cglory\fmod_output.h">
      <Filter>Header Files\Sound</Filter>
    </ClInclude>
    <ClInclude Include="..\..\cglory\cglory\Sound.h">
      <Filter>Header Files\Sound</Filter>
    </ClInclude>
    <ClInclude Include="..\..\cglory\cglory\TerrainMenu.h">
      <Filter>Header Files\Input\Menu</Filter>
    </ClInclude>
    <ClInclude Include="..\..\cglory\cglory\UIMenu.h">
      <Filter>Header Files\Input\Menu</Filter>
    </ClInclude>
    <ClInclude Include="..\..\cglory\cglory\UnitMenu.h">
      <Filter>Header Files\Input\Menu</Filter>
    </ClInclude>
    <ClInclude Include="UnitProductionMenu.h">
      <Filter>Header Files\Input\Menu</Filter>
    </ClInclude>
    <ClInclude Include="..\..\cglory\cglory\BuildingMenu.h">
      <Filter>Header Files\Input\Menu</Filter>
    </ClInclude>
    <ClInclude Include="..\..\cglory\cglory\NameSpaces.h">
      <Filter>Header Files\Overclasses</Filter>
    </ClInclude>
    <ClInclude Include="..\..\cglory\cglory\FontManager.h">
      <Filter>Header Files\Overclasses</Filter>
    </ClInclude>
    <ClInclude Include="..\..\cglory\cglory\SpriteHelper.h">
      <Filter>Header Files\Overclasses</Filter>
    </ClInclude>
    <ClInclude Include="..\..\cglory\cglory\CellEventListener.h">
      <Filter>Header Files\GameObjects</Filter>
    </ClInclude>
    <ClInclude Include="..\..\cglory\cglory\GameCursor.h">
      <Filter>Header Files\Input\Cursor</Filter>
    </ClInclude>
    <ClInclude Include="..\..\cglory\cglory\AttackCursor.h">
      <Filter>Header Files\Input\Cursor</Filter>
    </ClInclude>
    <ClInclude Include="..\..\cglory\cglory\DevCursor.h">
      <Filter>Header Files\Input\Cursor</Filter>
    </ClInclude>
    <ClInclude Include="..\..\cglory\cglory\MapMenu.h">
      <Filter>Header Files\Input\Menu</Filter>
    </ClInclude>
    <ClInclude Include="..\..\cglory\cglory\ForceReplaceCursor.h">
      <Filter>Header Files\Input\Cursor</Filter>
    </ClInclude>
    <ClInclude Include="..\..\cglory\cglory\AnimationStop.h">
      <Filter>Header Files\Input\AnimationStops</Filter>
    </ClInclude>
    <ClInclude Include="..\..\cglory\cglory\CellLerpAnimation.h">
      <Filter>Header Files\Input\AnimationStops</Filter>
    </ClInclude>
    <ClInclude Include="..\..\cglory\cglory\AmbushDirectionSelector.h">
      <Filter>Header Files\Input</Filter>
    </ClInclude>
    <ClInclude Include="..\..\cglory\cglory\AdvanceScreen.h">
      <Filter>Header Files\Input</Filter>
    </ClInclude>
    <ClInclude Include="..\..\cglory\cglory\AllBuildingMenu.h">
      <Filter>Header Files\Input\Menu</Filter>
    </ClInclude>
    <ClInclude Include="..\..\cglory\cglory\AllUnitMenu.h">
      <Filter>Header Files\Input\Menu</Filter>
    </ClInclude>
    <ClInclude Include="..\..\cglory\cglory\AllTerrainMenu.h">
      <Filter>Header Files\Input\Menu</Filter>
    </ClInclude>
    <ClInclude Include="InputCatcher.h">
      <Filter>Header Files\Input\Interfaces</Filter>
    </ClInclude>
    <ClInclude Include="..\..\cglory\cglory\SelectionCursor.h">
      <Filter>Header Files\Input\Cursor</Filter>
    </ClInclude>
    <ClInclude Include="..\..\cglory\cglory\UIElement.h">
      <Filter>Header Files\Input\Interfaces</Filter>
    </ClInclude>
    <ClInclude Include="..\..\cglory\cglory\InfoTab.h">
      <Filter>Header Files\Input</Filter>
    </ClInclude>
    <ClInclude Include="..\..\cglory\cglory\BombardCursor.h">
      <Filter>Header Files\Input\Cursor</Filter>
    </ClInclude>
    <ClInclude Include="..\..\cglory\cglory\TitleMenu.h">
      <Filter>Header Files\Input\Menu\MainMenu</Filter>
    </ClInclude>
    <ClInclude Include="..\..\cglory\cglory\MapSelectionMenu.h">
      <Filter>Header Files\Input\Menu\MainMenu</Filter>
    </ClInclude>
    <ClInclude Include="..\..\cglory\cglory\Card.h">
      <Filter>Header Files\GameObjects</Filter>
    </ClInclude>
    <ClInclude Include="..\..\cglory\cglory\CardEffects.h">
      <Filter>Header Files\GameObjects</Filter>
    </ClInclude>
    <ClInclude Include="..\..\cglory\cglory\CardInfo.h">
      <Filter>Header Files\Information</Filter>
    </ClInclude>
    <ClInclude Include="..\..\cglory\cglory\CardMenu.h">
      <Filter>Header Files</Filter>
    </ClInclude>
    <ClInclude Include="..\..\cglory\cglory\InGameOptions.h">
      <Filter>Header Files\Input</Filter>
    </ClInclude>
    <ClInclude Include="..\..\cglory\cglory\WinScreen.h">
      <Filter>Header Files</Filter>
    </ClInclude>
    <ClInclude Include="..\..\cglory\cglory\CardCursor.h">
      <Filter>Header Files</Filter>
    </ClInclude>
  </ItemGroup>
  <ItemGroup>
    <ClCompile Include="stdafx.cpp">
      <Filter>Source Files</Filter>
    </ClCompile>
    <ClCompile Include="..\..\cglory\cglory\InputManager.cpp">
      <Filter>Source Files\Input</Filter>
    </ClCompile>
    <ClCompile Include="tinyxmlparser.cpp">
      <Filter>Source Files\xml</Filter>
    </ClCompile>
    <ClCompile Include="tinyxmlerror.cpp">
      <Filter>Source Files\xml</Filter>
    </ClCompile>
    <ClCompile Include="tinyxml.cpp">
      <Filter>Source Files\xml</Filter>
    </ClCompile>
    <ClCompile Include="tinystr.cpp">
      <Filter>Source Files\xml</Filter>
    </ClCompile>
    <ClCompile Include="XMLLoader.cpp">
      <Filter>Source Files\xml</Filter>
    </ClCompile>
    <ClCompile Include="..\..\cglory\cglory\InformationStorage.cpp">
      <Filter>Source Files\Information</Filter>
    </ClCompile>
    <ClCompile Include="..\..\cglory\cglory\TerrainInfo.cpp">
      <Filter>Source Files\Information</Filter>
    </ClCompile>
    <ClCompile Include="..\..\cglory\cglory\Unit.cpp">
      <Filter>Source Files\GameObjects</Filter>
    </ClCompile>
    <ClCompile Include="..\..\cglory\cglory\BuildingInfo.cpp">
      <Filter>Source Files\Information</Filter>
    </ClCompile>
    <ClCompile Include="UnitInfo.cpp">
      <Filter>Source Files\Information</Filter>
    </ClCompile>
    <ClCompile Include="..\..\cglory\cglory\Building.cpp">
      <Filter>Source Files\GameObjects</Filter>
    </ClCompile>
    <ClCompile Include="..\..\cglory\cglory\Cell.cpp">
      <Filter>Source Files\GameObjects</Filter>
    </ClCompile>
    <ClCompile Include="..\..\cglory\cglory\PlayManager.cpp">
      <Filter>Source Files\GameObjects</Filter>
    </ClCompile>
    <ClCompile Include="..\..\cglory\cglory\Map.cpp">
      <Filter>Source Files\GameObjects</Filter>
    </ClCompile>
    <ClCompile Include="..\..\cglory\cglory\Terrain.cpp">
      <Filter>Source Files\GameObjects</Filter>
    </ClCompile>
    <ClCompile Include="..\..\cglory\cglory\Player.cpp">
      <Filter>Source Files\GameObjects</Filter>
    </ClCompile>
    <ClCompile Include="..\..\cglory\cglory\JasonTest.cpp">
      <Filter>Source Files\Test</Filter>
    </ClCompile>
    <ClCompile Include="..\..\cglory\cglory\CellPathNode.cpp">
      <Filter>Source Files\GameObjects</Filter>
    </ClCompile>
    <ClCompile Include="..\..\cglory\cglory\KeyState.cpp">
      <Filter>Source Files\Input</Filter>
    </ClCompile>
    <ClCompile Include="Utility.cpp">
      <Filter>Source Files\Overclasses</Filter>
    </ClCompile>
    <ClCompile Include="Stats.cpp">
      <Filter>Source Files\Overclasses</Filter>
    </ClCompile>
    <ClCompile Include="DeveloperConsole.cpp">
      <Filter>Source Files\Overclasses</Filter>
    </ClCompile>
    <ClCompile Include="dxManager.cpp">
      <Filter>Source Files\Overclasses</Filter>
    </ClCompile>
    <ClCompile Include="GameSprite.cpp">
      <Filter>Source Files\Graphics</Filter>
    </ClCompile>
    <ClCompile Include="SpriteInfo.cpp">
      <Filter>Source Files\Graphics</Filter>
    </ClCompile>
    <ClCompile Include="BaseCode.cpp">
      <Filter>Source Files\Overclasses</Filter>
    </ClCompile>
    <ClCompile Include="..\..\cglory\cglory\GameObject.cpp">
      <Filter>Source Files\GameObjects</Filter>
    </ClCompile>
    <ClCompile Include="..\..\cglory\cglory\PlayerOwned.cpp">
      <Filter>Source Files\GameObjects</Filter>
    </ClCompile>
    <ClCompile Include="..\..\cglory\cglory\Sound.cpp">
      <Filter>Source Files\Sound</Filter>
    </ClCompile>
    <ClCompile Include="..\..\cglory\cglory\UIMenu.cpp">
      <Filter>Source Files\Input\Menu</Filter>
    </ClCompile>
    <ClCompile Include="UnitProductionMenu.cpp">
      <Filter>Source Files\Input\Menu</Filter>
    </ClCompile>
    <ClCompile Include="..\..\cglory\cglory\UnitMenu.cpp">
      <Filter>Source Files\Input\Menu</Filter>
    </ClCompile>
    <ClCompile Include="..\..\cglory\cglory\TerrainMenu.cpp">
      <Filter>Source Files\Input\Menu</Filter>
    </ClCompile>
    <ClCompile Include="..\..\cglory\cglory\BuildingMenu.cpp">
      <Filter>Source Files\Input\Menu</Filter>
    </ClCompile>
    <ClCompile Include="..\..\cglory\cglory\SpriteHelper.cpp">
      <Filter>Source Files\Overclasses</Filter>
    </ClCompile>
    <ClCompile Include="..\..\cglory\cglory\FontManager.cpp">
      <Filter>Source Files\Overclasses</Filter>
    </ClCompile>
    <ClCompile Include="..\..\cglory\cglory\AdvanceScreen.cpp">
      <Filter>Source Files\Input</Filter>
    </ClCompile>
    <ClCompile Include="..\..\cglory\cglory\AllBuildingMenu.cpp">
      <Filter>Source Files\Input\Menu</Filter>
    </ClCompile>
    <ClCompile Include="..\..\cglory\cglory\AllTerrainMenu.cpp">
      <Filter>Source Files\Input\Menu</Filter>
    </ClCompile>
    <ClCompile Include="..\..\cglory\cglory\AllUnitMenu.cpp">
      <Filter>Source Files\Input\Menu</Filter>
    </ClCompile>
    <ClCompile Include="..\..\cglory\cglory\AnimationStop.cpp">
      <Filter>Source Files\Input\AnimationStops</Filter>
    </ClCompile>
    <ClCompile Include="..\..\cglory\cglory\CellLerpAnimation.cpp">
      <Filter>Source Files\Input\AnimationStops</Filter>
    </ClCompile>
    <ClCompile Include="..\..\cglory\cglory\AmbushDirectionSelector.cpp">
      <Filter>Source Files\Input</Filter>
    </ClCompile>
    <ClCompile Include="..\..\cglory\cglory\DevCursor.cpp">
      <Filter>Source Files\Input\Cursor</Filter>
    </ClCompile>
    <ClCompile Include="..\..\cglory\cglory\AttackCursor.cpp">
      <Filter>Source Files\Input\Cursor</Filter>
    </ClCompile>
    <ClCompile Include="..\..\cglory\cglory\GameCursor.cpp">
      <Filter>Source Files\Input\Cursor</Filter>
    </ClCompile>
    <ClCompile Include="..\..\cglory\cglory\ForceReplaceCursor.cpp">
      <Filter>Source Files\Input\Cursor</Filter>
    </ClCompile>
    <ClCompile Include="..\..\cglory\cglory\MapMenu.cpp">
      <Filter>Source Files\Input\Menu</Filter>
    </ClCompile>
    <ClCompile Include="..\..\cglory\cglory\SelectionCursor.cpp">
      <Filter>Source Files\Input\Cursor</Filter>
    </ClCompile>
    <ClCompile Include="..\..\cglory\cglory\SelectionCursor.cpp">
      <Filter>Source Files\Input\Cursor</Filter>
    </ClCompile>
    <ClCompile Include="..\..\cglory\cglory\InfoTab.cpp">
      <Filter>Source Files\Input</Filter>
    </ClCompile>
    <ClCompile Include="..\..\cglory\cglory\BombardCursor.cpp">
      <Filter>Source Files\Input\Cursor</Filter>
    </ClCompile>
    <ClCompile Include="..\..\cglory\cglory\TitleMenu.cpp">
      <Filter>Source Files\Input\Menu\MainMenu</Filter>
    </ClCompile>
    <ClCompile Include="..\..\cglory\cglory\MapSelectionMenu.cpp">
      <Filter>Source Files\Input\Menu\MainMenu</Filter>
    </ClCompile>
    <ClCompile Include="..\..\cglory\cglory\Card.cpp">
      <Filter>Source Files\GameObjects</Filter>
    </ClCompile>
    <ClCompile Include="..\..\cglory\cglory\CardEffects.cpp">
      <Filter>Source Files\GameObjects</Filter>
    </ClCompile>
    <ClCompile Include="..\..\cglory\cglory\CardInfo.cpp">
      <Filter>Source Files\Information</Filter>
    </ClCompile>
    <ClCompile Include="..\..\cglory\cglory\CardMenu.cpp">
      <Filter>Source Files</Filter>
    </ClCompile>
    <ClCompile Include="..\..\cglory\cglory\InGameOptions.cpp">
      <Filter>Source Files\Input\Menu</Filter>
    </ClCompile>
    <ClCompile Include="..\..\cglory\cglory\WinScreen.cpp">
      <Filter>Source Files</Filter>
    </ClCompile>
    <ClCompile Include="..\..\cglory\cglory\CardCursor.cpp">
      <Filter>Source Files</Filter>
    </ClCompile>
  </ItemGroup>
  <ItemGroup>
    <ResourceCompile Include="cglory.rc">
      <Filter>Resource Files</Filter>
    </ResourceCompile>
  </ItemGroup>
</Project>